
Microsoft Visual Studio Solution File, Format Version 12.00
Project("{2150E333-8FDC-42A3-9474-1A3956D46DE8}") = "src", "src", "{586A43B9-7A47-4775-86AF-0F7A41A62635}"
EndProject
Project("{2150E333-8FDC-42A3-9474-1A3956D46DE8}") = "tests", "tests", "{8DFB04F4-925F-4E37-B18B-1071EB2404A2}"
EndProject
Project("{FAE04EC0-301F-11D3-BF4B-00C04F79EFBC}") = "AdventOfCode.Day1", "src\AdventOfCode.Day1\AdventOfCode.Day1.csproj", "{77A48681-11F5-45DF-B810-16E9E314EB9C}"
EndProject
Project("{2150E333-8FDC-42A3-9474-1A3956D46DE8}") = "Solution Items", "Solution Items", "{D50B6740-AC84-4DEA-B89D-59CC59DB36E6}"
	ProjectSection(SolutionItems) = preProject
		Directory.Build.props = Directory.Build.props
		Directory.Packages.props = Directory.Packages.props
		.editorconfig = .editorconfig
	EndProjectSection
EndProject
Project("{FAE04EC0-301F-11D3-BF4B-00C04F79EFBC}") = "AdventOfCode.Day2", "src\AdventOfCode.Day2\AdventOfCode.Day2.csproj", "{F2855E2F-784B-484C-82E8-B6D0F76B1D10}"
EndProject
Project("{FAE04EC0-301F-11D3-BF4B-00C04F79EFBC}") = "AdventOfCode.Day3", "src\AdventOfCode.Day3\AdventOfCode.Day3.csproj", "{1268A58B-0366-410A-AEB9-05233577748A}"
EndProject
Global
	GlobalSection(SolutionConfigurationPlatforms) = preSolution
		Debug|Any CPU = Debug|Any CPU
		Release|Any CPU = Release|Any CPU
	EndGlobalSection
	GlobalSection(NestedProjects) = preSolution
		{77A48681-11F5-45DF-B810-16E9E314EB9C} = {586A43B9-7A47-4775-86AF-0F7A41A62635}
		{F2855E2F-784B-484C-82E8-B6D0F76B1D10} = {586A43B9-7A47-4775-86AF-0F7A41A62635}
		{1268A58B-0366-410A-AEB9-05233577748A} = {586A43B9-7A47-4775-86AF-0F7A41A62635}
	EndGlobalSection
	GlobalSection(ProjectConfigurationPlatforms) = postSolution
		{77A48681-11F5-45DF-B810-16E9E314EB9C}.Debug|Any CPU.ActiveCfg = Debug|Any CPU
		{77A48681-11F5-45DF-B810-16E9E314EB9C}.Debug|Any CPU.Build.0 = Debug|Any CPU
		{77A48681-11F5-45DF-B810-16E9E314EB9C}.Release|Any CPU.ActiveCfg = Release|Any CPU
		{77A48681-11F5-45DF-B810-16E9E314EB9C}.Release|Any CPU.Build.0 = Release|Any CPU
		{F2855E2F-784B-484C-82E8-B6D0F76B1D10}.Debug|Any CPU.ActiveCfg = Debug|Any CPU
		{F2855E2F-784B-484C-82E8-B6D0F76B1D10}.Debug|Any CPU.Build.0 = Debug|Any CPU
		{F2855E2F-784B-484C-82E8-B6D0F76B1D10}.Release|Any CPU.ActiveCfg = Release|Any CPU
		{F2855E2F-784B-484C-82E8-B6D0F76B1D10}.Release|Any CPU.Build.0 = Release|Any CPU
		{1268A58B-0366-410A-AEB9-05233577748A}.Debug|Any CPU.ActiveCfg = Debug|Any CPU
		{1268A58B-0366-410A-AEB9-05233577748A}.Debug|Any CPU.Build.0 = Debug|Any CPU
		{1268A58B-0366-410A-AEB9-05233577748A}.Release|Any CPU.ActiveCfg = Release|Any CPU
		{1268A58B-0366-410A-AEB9-05233577748A}.Release|Any CPU.Build.0 = Release|Any CPU
	EndGlobalSection
EndGlobal
