
Microsoft Visual Studio Solution File, Format Version 12.00
Project("{2150E333-8FDC-42A3-9474-1A3956D46DE8}") = "src", "src", "{586A43B9-7A47-4775-86AF-0F7A41A62635}"
EndProject
Project("{2150E333-8FDC-42A3-9474-1A3956D46DE8}") = "Solution Items", "Solution Items", "{D50B6740-AC84-4DEA-B89D-59CC59DB36E6}"
	ProjectSection(SolutionItems) = preProject
		Directory.Build.props = Directory.Build.props
		Directory.Packages.props = Directory.Packages.props
		.editorconfig = .editorconfig
		nuget.config = nuget.config
	EndProjectSection
EndProject
Project("{FAE04EC0-301F-11D3-BF4B-00C04F79EFBC}") = "AdventOfCode.Day01", "src\AdventOfCode.Day01\AdventOfCode.Day01.csproj", "{E0FA7F71-B12D-4490-ADA7-92AB8DADC4BD}"
EndProject
Project("{FAE04EC0-301F-11D3-BF4B-00C04F79EFBC}") = "AdventOfCode.Day02", "src\AdventOfCode.Day02\AdventOfCode.Day02.csproj", "{974A195F-DF60-4DF8-9A7D-4171830813C8}"
EndProject
Project("{FAE04EC0-301F-11D3-BF4B-00C04F79EFBC}") = "AdventOfCode.Day03", "src\AdventOfCode.Day03\AdventOfCode.Day03.csproj", "{1268A58B-0366-410A-AEB9-05233577748A}"
EndProject
Project("{FAE04EC0-301F-11D3-BF4B-00C04F79EFBC}") = "AdventOfCode.Day04", "src\AdventOfCode.Day04\AdventOfCode.Day04.csproj", "{F46FA9C0-9627-434E-A6BC-2A96AAFFBAFD}"
EndProject
Project("{FAE04EC0-301F-11D3-BF4B-00C04F79EFBC}") = "AdventOfCode.Day05", "src\AdventOfCode.Day05\AdventOfCode.Day05.csproj", "{09A65A2D-11DC-458D-B4EB-96C86816595D}"
EndProject
Project("{FAE04EC0-301F-11D3-BF4B-00C04F79EFBC}") = "AdventOfCode.Day07", "src\AdventOfCode.Day07\AdventOfCode.Day07.csproj", "{F17A2428-2F8B-4FC9-BA69-9A0268FE7ED5}"
EndProject
Project("{FAE04EC0-301F-11D3-BF4B-00C04F79EFBC}") = "AdventOfCode.Day08", "src\AdventOfCode.Day08\AdventOfCode.Day08.csproj", "{AC2A5F8C-B4F5-4814-86BC-18F1235CCF0E}"
EndProject
Project("{FAE04EC0-301F-11D3-BF4B-00C04F79EFBC}") = "AdventOfCode.Day09", "src\AdventOfCode.Day09\AdventOfCode.Day09.csproj", "{4A9D88B6-2DAE-4F80-B8AF-4385156F2F9E}"
EndProject
Project("{FAE04EC0-301F-11D3-BF4B-00C04F79EFBC}") = "AdventOfCode.Day06", "src\AdventOfCode.Day06\AdventOfCode.Day06.csproj", "{6CBA2DD7-AF1D-48D6-AD13-AAF6FA83C148}"
EndProject
Project("{FAE04EC0-301F-11D3-BF4B-00C04F79EFBC}") = "AdventOfCode.Day10", "src\AdventOfCode.Day10\AdventOfCode.Day10.csproj", "{221B960B-2C3F-4187-9EFC-9DD004D0D726}"
EndProject
Project("{FAE04EC0-301F-11D3-BF4B-00C04F79EFBC}") = "AdventOfCode.Day11", "src\AdventOfCode.Day11\AdventOfCode.Day11.csproj", "{BEDCE0E3-AC47-4FB1-9188-5938FFB59310}"
EndProject
Project("{FAE04EC0-301F-11D3-BF4B-00C04F79EFBC}") = "AdventOfCode.Day12", "src\AdventOfCode.Day12\AdventOfCode.Day12.csproj", "{43EB7E79-A308-431D-A6AB-34AD5B8AEDB7}"
EndProject
Project("{FAE04EC0-301F-11D3-BF4B-00C04F79EFBC}") = "AdventOfCode.Day13", "src\AdventOfCode.Day13\AdventOfCode.Day13.csproj", "{44EA2A77-2716-461A-A383-4A28A7AA2F19}"
EndProject
Project("{FAE04EC0-301F-11D3-BF4B-00C04F79EFBC}") = "AdventOfCode.Day14", "src\AdventOfCode.Day14\AdventOfCode.Day14.csproj", "{3B9F0A87-D266-4EA7-828F-B6796409A7A3}"
EndProject
Project("{FAE04EC0-301F-11D3-BF4B-00C04F79EFBC}") = "AdventOfCode.Day15", "src\AdventOfCode.Day15\AdventOfCode.Day15.csproj", "{A9DE6E80-0F55-4AFE-AD83-D15769D91BC9}"
EndProject
Project("{FAE04EC0-301F-11D3-BF4B-00C04F79EFBC}") = "AdventOfCode.Day16", "src\AdventOfCode.Day16\AdventOfCode.Day16.csproj", "{2DF2614B-6C70-4078-9852-5A528F02E38D}"
EndProject
Project("{FAE04EC0-301F-11D3-BF4B-00C04F79EFBC}") = "AdventOfCode.Day17", "src\AdventOfCode.Day17\AdventOfCode.Day17.csproj", "{EC98A182-A889-4432-8711-97B7692B41FC}"
EndProject
Project("{FAE04EC0-301F-11D3-BF4B-00C04F79EFBC}") = "AdventOfCode.Day18", "src\AdventOfCode.Day18\AdventOfCode.Day18.csproj", "{F6D6FB42-C464-42A6-A47C-9D7D881C9A02}"
EndProject
Project("{FAE04EC0-301F-11D3-BF4B-00C04F79EFBC}") = "AdventOfCode.Day19", "src\AdventOfCode.Day19\AdventOfCode.Day19.csproj", "{CDFF61E8-6B07-4EDC-B575-A559BF440780}"
EndProject
Project("{FAE04EC0-301F-11D3-BF4B-00C04F79EFBC}") = "AdventOfCode.Day20", "src\AdventOfCode.Day20\AdventOfCode.Day20.csproj", "{E2F3AFA7-E89A-4BCA-83C0-39EEEA3E4266}"
EndProject
Project("{FAE04EC0-301F-11D3-BF4B-00C04F79EFBC}") = "AdventOfCode.Day21", "src\AdventOfCode.Day21\AdventOfCode.Day21.csproj", "{AD0FD292-59CE-4D85-B97C-241114D5749B}"
EndProject
Project("{FAE04EC0-301F-11D3-BF4B-00C04F79EFBC}") = "AdventOfCode.Day22", "src\AdventOfCode.Day22\AdventOfCode.Day22.csproj", "{1A8FDA01-103C-40C8-9DD5-896558A79BC2}"
EndProject
Project("{FAE04EC0-301F-11D3-BF4B-00C04F79EFBC}") = "AdventOfCode.Day23", "src\AdventOfCode.Day23\AdventOfCode.Day23.csproj", "{082E13DD-A1DA-40E8-B773-388398B3CDC3}"
EndProject
Project("{FAE04EC0-301F-11D3-BF4B-00C04F79EFBC}") = "AdventOfCode.Day24", "src\AdventOfCode.Day24\AdventOfCode.Day24.csproj", "{F66EE9A6-D833-45B6-AEDA-CA4EBBA7F1B5}"
EndProject
Project("{FAE04EC0-301F-11D3-BF4B-00C04F79EFBC}") = "AdventOfCode.Day25", "src\AdventOfCode.Day25\AdventOfCode.Day25.csproj", "{F619F0AE-7B86-49F0-862A-14C1FEBEF3A9}"
EndProject

Global
	GlobalSection(SolutionConfigurationPlatforms) = preSolution
		Debug|Any CPU = Debug|Any CPU
		Release|Any CPU = Release|Any CPU
	EndGlobalSection
	GlobalSection(NestedProjects) = preSolution
		{1268A58B-0366-410A-AEB9-05233577748A} = {586A43B9-7A47-4775-86AF-0F7A41A62635}
		{F46FA9C0-9627-434E-A6BC-2A96AAFFBAFD} = {586A43B9-7A47-4775-86AF-0F7A41A62635}
		{09A65A2D-11DC-458D-B4EB-96C86816595D} = {586A43B9-7A47-4775-86AF-0F7A41A62635}
		{F17A2428-2F8B-4FC9-BA69-9A0268FE7ED5} = {586A43B9-7A47-4775-86AF-0F7A41A62635}
		{AC2A5F8C-B4F5-4814-86BC-18F1235CCF0E} = {586A43B9-7A47-4775-86AF-0F7A41A62635}
		{4A9D88B6-2DAE-4F80-B8AF-4385156F2F9E} = {586A43B9-7A47-4775-86AF-0F7A41A62635}
		{6CBA2DD7-AF1D-48D6-AD13-AAF6FA83C148} = {586A43B9-7A47-4775-86AF-0F7A41A62635}
		{221B960B-2C3F-4187-9EFC-9DD004D0D726} = {586A43B9-7A47-4775-86AF-0F7A41A62635}
		{BEDCE0E3-AC47-4FB1-9188-5938FFB59310} = {586A43B9-7A47-4775-86AF-0F7A41A62635}
		{43EB7E79-A308-431D-A6AB-34AD5B8AEDB7} = {586A43B9-7A47-4775-86AF-0F7A41A62635}
		{44EA2A77-2716-461A-A383-4A28A7AA2F19} = {586A43B9-7A47-4775-86AF-0F7A41A62635}
		{3B9F0A87-D266-4EA7-828F-B6796409A7A3} = {586A43B9-7A47-4775-86AF-0F7A41A62635}
		{A9DE6E80-0F55-4AFE-AD83-D15769D91BC9} = {586A43B9-7A47-4775-86AF-0F7A41A62635}
		{2DF2614B-6C70-4078-9852-5A528F02E38D} = {586A43B9-7A47-4775-86AF-0F7A41A62635}
		{EC98A182-A889-4432-8711-97B7692B41FC} = {586A43B9-7A47-4775-86AF-0F7A41A62635}
		{F6D6FB42-C464-42A6-A47C-9D7D881C9A02} = {586A43B9-7A47-4775-86AF-0F7A41A62635}
		{CDFF61E8-6B07-4EDC-B575-A559BF440780} = {586A43B9-7A47-4775-86AF-0F7A41A62635}
		{E2F3AFA7-E89A-4BCA-83C0-39EEEA3E4266} = {586A43B9-7A47-4775-86AF-0F7A41A62635}
		{AD0FD292-59CE-4D85-B97C-241114D5749B} = {586A43B9-7A47-4775-86AF-0F7A41A62635}
		{1A8FDA01-103C-40C8-9DD5-896558A79BC2} = {586A43B9-7A47-4775-86AF-0F7A41A62635}
		{082E13DD-A1DA-40E8-B773-388398B3CDC3} = {586A43B9-7A47-4775-86AF-0F7A41A62635}
		{F66EE9A6-D833-45B6-AEDA-CA4EBBA7F1B5} = {586A43B9-7A47-4775-86AF-0F7A41A62635}
		{F619F0AE-7B86-49F0-862A-14C1FEBEF3A9} = {586A43B9-7A47-4775-86AF-0F7A41A62635}
		{E0FA7F71-B12D-4490-ADA7-92AB8DADC4BD} = {586A43B9-7A47-4775-86AF-0F7A41A62635}
		{974A195F-DF60-4DF8-9A7D-4171830813C8} = {586A43B9-7A47-4775-86AF-0F7A41A62635}
	EndGlobalSection
	GlobalSection(ProjectConfigurationPlatforms) = postSolution
		{1268A58B-0366-410A-AEB9-05233577748A}.Debug|Any CPU.ActiveCfg = Debug|Any CPU
		{1268A58B-0366-410A-AEB9-05233577748A}.Debug|Any CPU.Build.0 = Debug|Any CPU
		{1268A58B-0366-410A-AEB9-05233577748A}.Release|Any CPU.ActiveCfg = Release|Any CPU
		{1268A58B-0366-410A-AEB9-05233577748A}.Release|Any CPU.Build.0 = Release|Any CPU
		{F46FA9C0-9627-434E-A6BC-2A96AAFFBAFD}.Debug|Any CPU.ActiveCfg = Debug|Any CPU
		{F46FA9C0-9627-434E-A6BC-2A96AAFFBAFD}.Debug|Any CPU.Build.0 = Debug|Any CPU
		{F46FA9C0-9627-434E-A6BC-2A96AAFFBAFD}.Release|Any CPU.ActiveCfg = Release|Any CPU
		{F46FA9C0-9627-434E-A6BC-2A96AAFFBAFD}.Release|Any CPU.Build.0 = Release|Any CPU
		{09A65A2D-11DC-458D-B4EB-96C86816595D}.Debug|Any CPU.ActiveCfg = Debug|Any CPU
		{09A65A2D-11DC-458D-B4EB-96C86816595D}.Debug|Any CPU.Build.0 = Debug|Any CPU
		{09A65A2D-11DC-458D-B4EB-96C86816595D}.Release|Any CPU.ActiveCfg = Release|Any CPU
		{09A65A2D-11DC-458D-B4EB-96C86816595D}.Release|Any CPU.Build.0 = Release|Any CPU
		{F17A2428-2F8B-4FC9-BA69-9A0268FE7ED5}.Debug|Any CPU.ActiveCfg = Debug|Any CPU
		{F17A2428-2F8B-4FC9-BA69-9A0268FE7ED5}.Debug|Any CPU.Build.0 = Debug|Any CPU
		{F17A2428-2F8B-4FC9-BA69-9A0268FE7ED5}.Release|Any CPU.ActiveCfg = Release|Any CPU
		{F17A2428-2F8B-4FC9-BA69-9A0268FE7ED5}.Release|Any CPU.Build.0 = Release|Any CPU
		{AC2A5F8C-B4F5-4814-86BC-18F1235CCF0E}.Debug|Any CPU.ActiveCfg = Debug|Any CPU
		{AC2A5F8C-B4F5-4814-86BC-18F1235CCF0E}.Debug|Any CPU.Build.0 = Debug|Any CPU
		{AC2A5F8C-B4F5-4814-86BC-18F1235CCF0E}.Release|Any CPU.ActiveCfg = Release|Any CPU
		{AC2A5F8C-B4F5-4814-86BC-18F1235CCF0E}.Release|Any CPU.Build.0 = Release|Any CPU
		{4A9D88B6-2DAE-4F80-B8AF-4385156F2F9E}.Debug|Any CPU.ActiveCfg = Debug|Any CPU
		{4A9D88B6-2DAE-4F80-B8AF-4385156F2F9E}.Debug|Any CPU.Build.0 = Debug|Any CPU
		{4A9D88B6-2DAE-4F80-B8AF-4385156F2F9E}.Release|Any CPU.ActiveCfg = Release|Any CPU
		{4A9D88B6-2DAE-4F80-B8AF-4385156F2F9E}.Release|Any CPU.Build.0 = Release|Any CPU
		{6CBA2DD7-AF1D-48D6-AD13-AAF6FA83C148}.Debug|Any CPU.ActiveCfg = Debug|Any CPU
		{6CBA2DD7-AF1D-48D6-AD13-AAF6FA83C148}.Debug|Any CPU.Build.0 = Debug|Any CPU
		{6CBA2DD7-AF1D-48D6-AD13-AAF6FA83C148}.Release|Any CPU.ActiveCfg = Release|Any CPU
		{6CBA2DD7-AF1D-48D6-AD13-AAF6FA83C148}.Release|Any CPU.Build.0 = Release|Any CPU
		{221B960B-2C3F-4187-9EFC-9DD004D0D726}.Debug|Any CPU.ActiveCfg = Debug|Any CPU
		{221B960B-2C3F-4187-9EFC-9DD004D0D726}.Debug|Any CPU.Build.0 = Debug|Any CPU
		{221B960B-2C3F-4187-9EFC-9DD004D0D726}.Release|Any CPU.ActiveCfg = Release|Any CPU
		{221B960B-2C3F-4187-9EFC-9DD004D0D726}.Release|Any CPU.Build.0 = Release|Any CPU
		{BEDCE0E3-AC47-4FB1-9188-5938FFB59310}.Debug|Any CPU.ActiveCfg = Debug|Any CPU
		{BEDCE0E3-AC47-4FB1-9188-5938FFB59310}.Debug|Any CPU.Build.0 = Debug|Any CPU
		{BEDCE0E3-AC47-4FB1-9188-5938FFB59310}.Release|Any CPU.ActiveCfg = Release|Any CPU
		{BEDCE0E3-AC47-4FB1-9188-5938FFB59310}.Release|Any CPU.Build.0 = Release|Any CPU
		{43EB7E79-A308-431D-A6AB-34AD5B8AEDB7}.Debug|Any CPU.ActiveCfg = Debug|Any CPU
		{43EB7E79-A308-431D-A6AB-34AD5B8AEDB7}.Debug|Any CPU.Build.0 = Debug|Any CPU
		{43EB7E79-A308-431D-A6AB-34AD5B8AEDB7}.Release|Any CPU.ActiveCfg = Release|Any CPU
		{43EB7E79-A308-431D-A6AB-34AD5B8AEDB7}.Release|Any CPU.Build.0 = Release|Any CPU
		{44EA2A77-2716-461A-A383-4A28A7AA2F19}.Debug|Any CPU.ActiveCfg = Debug|Any CPU
		{44EA2A77-2716-461A-A383-4A28A7AA2F19}.Debug|Any CPU.Build.0 = Debug|Any CPU
		{44EA2A77-2716-461A-A383-4A28A7AA2F19}.Release|Any CPU.ActiveCfg = Release|Any CPU
		{44EA2A77-2716-461A-A383-4A28A7AA2F19}.Release|Any CPU.Build.0 = Release|Any CPU
		{3B9F0A87-D266-4EA7-828F-B6796409A7A3}.Debug|Any CPU.ActiveCfg = Debug|Any CPU
		{3B9F0A87-D266-4EA7-828F-B6796409A7A3}.Debug|Any CPU.Build.0 = Debug|Any CPU
		{3B9F0A87-D266-4EA7-828F-B6796409A7A3}.Release|Any CPU.ActiveCfg = Release|Any CPU
		{3B9F0A87-D266-4EA7-828F-B6796409A7A3}.Release|Any CPU.Build.0 = Release|Any CPU
		{A9DE6E80-0F55-4AFE-AD83-D15769D91BC9}.Debug|Any CPU.ActiveCfg = Debug|Any CPU
		{A9DE6E80-0F55-4AFE-AD83-D15769D91BC9}.Debug|Any CPU.Build.0 = Debug|Any CPU
		{A9DE6E80-0F55-4AFE-AD83-D15769D91BC9}.Release|Any CPU.ActiveCfg = Release|Any CPU
		{A9DE6E80-0F55-4AFE-AD83-D15769D91BC9}.Release|Any CPU.Build.0 = Release|Any CPU
		{2DF2614B-6C70-4078-9852-5A528F02E38D}.Debug|Any CPU.ActiveCfg = Debug|Any CPU
		{2DF2614B-6C70-4078-9852-5A528F02E38D}.Debug|Any CPU.Build.0 = Debug|Any CPU
		{2DF2614B-6C70-4078-9852-5A528F02E38D}.Release|Any CPU.ActiveCfg = Release|Any CPU
		{2DF2614B-6C70-4078-9852-5A528F02E38D}.Release|Any CPU.Build.0 = Release|Any CPU
		{EC98A182-A889-4432-8711-97B7692B41FC}.Debug|Any CPU.ActiveCfg = Debug|Any CPU
		{EC98A182-A889-4432-8711-97B7692B41FC}.Debug|Any CPU.Build.0 = Debug|Any CPU
		{EC98A182-A889-4432-8711-97B7692B41FC}.Release|Any CPU.ActiveCfg = Release|Any CPU
		{EC98A182-A889-4432-8711-97B7692B41FC}.Release|Any CPU.Build.0 = Release|Any CPU
		{F6D6FB42-C464-42A6-A47C-9D7D881C9A02}.Debug|Any CPU.ActiveCfg = Debug|Any CPU
		{F6D6FB42-C464-42A6-A47C-9D7D881C9A02}.Debug|Any CPU.Build.0 = Debug|Any CPU
		{F6D6FB42-C464-42A6-A47C-9D7D881C9A02}.Release|Any CPU.ActiveCfg = Release|Any CPU
		{F6D6FB42-C464-42A6-A47C-9D7D881C9A02}.Release|Any CPU.Build.0 = Release|Any CPU
		{CDFF61E8-6B07-4EDC-B575-A559BF440780}.Debug|Any CPU.ActiveCfg = Debug|Any CPU
		{CDFF61E8-6B07-4EDC-B575-A559BF440780}.Debug|Any CPU.Build.0 = Debug|Any CPU
		{CDFF61E8-6B07-4EDC-B575-A559BF440780}.Release|Any CPU.ActiveCfg = Release|Any CPU
		{CDFF61E8-6B07-4EDC-B575-A559BF440780}.Release|Any CPU.Build.0 = Release|Any CPU
		{E2F3AFA7-E89A-4BCA-83C0-39EEEA3E4266}.Debug|Any CPU.ActiveCfg = Debug|Any CPU
		{E2F3AFA7-E89A-4BCA-83C0-39EEEA3E4266}.Debug|Any CPU.Build.0 = Debug|Any CPU
		{E2F3AFA7-E89A-4BCA-83C0-39EEEA3E4266}.Release|Any CPU.ActiveCfg = Release|Any CPU
		{E2F3AFA7-E89A-4BCA-83C0-39EEEA3E4266}.Release|Any CPU.Build.0 = Release|Any CPU
		{AD0FD292-59CE-4D85-B97C-241114D5749B}.Debug|Any CPU.ActiveCfg = Debug|Any CPU
		{AD0FD292-59CE-4D85-B97C-241114D5749B}.Debug|Any CPU.Build.0 = Debug|Any CPU
		{AD0FD292-59CE-4D85-B97C-241114D5749B}.Release|Any CPU.ActiveCfg = Release|Any CPU
		{AD0FD292-59CE-4D85-B97C-241114D5749B}.Release|Any CPU.Build.0 = Release|Any CPU
		{1A8FDA01-103C-40C8-9DD5-896558A79BC2}.Debug|Any CPU.ActiveCfg = Debug|Any CPU
		{1A8FDA01-103C-40C8-9DD5-896558A79BC2}.Debug|Any CPU.Build.0 = Debug|Any CPU
		{1A8FDA01-103C-40C8-9DD5-896558A79BC2}.Release|Any CPU.ActiveCfg = Release|Any CPU
		{1A8FDA01-103C-40C8-9DD5-896558A79BC2}.Release|Any CPU.Build.0 = Release|Any CPU
		{082E13DD-A1DA-40E8-B773-388398B3CDC3}.Debug|Any CPU.ActiveCfg = Debug|Any CPU
		{082E13DD-A1DA-40E8-B773-388398B3CDC3}.Debug|Any CPU.Build.0 = Debug|Any CPU
		{082E13DD-A1DA-40E8-B773-388398B3CDC3}.Release|Any CPU.ActiveCfg = Release|Any CPU
		{082E13DD-A1DA-40E8-B773-388398B3CDC3}.Release|Any CPU.Build.0 = Release|Any CPU
		{F66EE9A6-D833-45B6-AEDA-CA4EBBA7F1B5}.Debug|Any CPU.ActiveCfg = Debug|Any CPU
		{F66EE9A6-D833-45B6-AEDA-CA4EBBA7F1B5}.Debug|Any CPU.Build.0 = Debug|Any CPU
		{F66EE9A6-D833-45B6-AEDA-CA4EBBA7F1B5}.Release|Any CPU.ActiveCfg = Release|Any CPU
		{F66EE9A6-D833-45B6-AEDA-CA4EBBA7F1B5}.Release|Any CPU.Build.0 = Release|Any CPU
		{F619F0AE-7B86-49F0-862A-14C1FEBEF3A9}.Debug|Any CPU.ActiveCfg = Debug|Any CPU
		{F619F0AE-7B86-49F0-862A-14C1FEBEF3A9}.Debug|Any CPU.Build.0 = Debug|Any CPU
		{F619F0AE-7B86-49F0-862A-14C1FEBEF3A9}.Release|Any CPU.ActiveCfg = Release|Any CPU
		{F619F0AE-7B86-49F0-862A-14C1FEBEF3A9}.Release|Any CPU.Build.0 = Release|Any CPU
		{E0FA7F71-B12D-4490-ADA7-92AB8DADC4BD}.Debug|Any CPU.ActiveCfg = Debug|Any CPU
		{E0FA7F71-B12D-4490-ADA7-92AB8DADC4BD}.Debug|Any CPU.Build.0 = Debug|Any CPU
		{E0FA7F71-B12D-4490-ADA7-92AB8DADC4BD}.Release|Any CPU.ActiveCfg = Release|Any CPU
		{E0FA7F71-B12D-4490-ADA7-92AB8DADC4BD}.Release|Any CPU.Build.0 = Release|Any CPU
		{974A195F-DF60-4DF8-9A7D-4171830813C8}.Debug|Any CPU.ActiveCfg = Debug|Any CPU
		{974A195F-DF60-4DF8-9A7D-4171830813C8}.Debug|Any CPU.Build.0 = Debug|Any CPU
		{974A195F-DF60-4DF8-9A7D-4171830813C8}.Release|Any CPU.ActiveCfg = Release|Any CPU
		{974A195F-DF60-4DF8-9A7D-4171830813C8}.Release|Any CPU.Build.0 = Release|Any CPU
	EndGlobalSection
EndGlobal
